{
  "nodes": {
    "hyprshot": {
      "flake": false,
      "locked": {
        "lastModified": 1695925275,
        "narHash": "sha256-sew47VR5ZZaLf1kh0d8Xc5GVYbJ1yWhlug+Wvf+k7iY=",
        "owner": "Gustash",
        "repo": "Hyprshot",
        "rev": "0c60c492d6946ee959082709e7909ca338f16830",
        "type": "github"
      },
      "original": {
        "owner": "Gustash",
        "repo": "Hyprshot",
        "type": "github"
      }
    },
    "nixpkgs": {
      "locked": {
        "lastModified": 1695830400,
        "narHash": "sha256-gToZXQVr0G/1WriO83olnqrLSHF2Jb8BPcmCt497ro0=",
        "owner": "nixos",
        "repo": "nixpkgs",
        "rev": "8a86b98f0ba1c405358f1b71ff8b5e1d317f5db2",
        "type": "github"
      },
      "original": {
        "owner": "nixos",
        "ref": "nixos-unstable",
        "repo": "nixpkgs",
        "type": "github"
      }
    },
    "root": {
      "inputs": {
        "hyprshot": "hyprshot",
        "nixpkgs": "nixpkgs"
      }
    }
  },
  "root": "root",
  "version": 7
}
